
Microsoft Visual Studio Solution File, Format Version 12.00
# Visual Studio 15
VisualStudioVersion = 15.0.26124.0
MinimumVisualStudioVersion = 15.0.26124.0
Project("{FAE04EC0-301F-11D3-BF4B-00C04F79EFBC}") = "API", "API\API.csproj", "{8567648E-2068-44FE-88E7-2CA28D2E338E}"
EndProject
Project("{FAE04EC0-301F-11D3-BF4B-00C04F79EFBC}") = "Core", "Core\Core.csproj", "{69D65864-13E6-4572-94AD-C5AF589933D1}"
EndProject
Project("{FAE04EC0-301F-11D3-BF4B-00C04F79EFBC}") = "Infrastructure", "Infrastructure\Infrastructure.csproj", "{AC8BCCA0-9166-47C7-88EB-3849647F090E}"
EndProject
Global
	GlobalSection(SolutionConfigurationPlatforms) = preSolution
		Debug|Any CPU = Debug|Any CPU
		Debug|x64 = Debug|x64
		Debug|x86 = Debug|x86
		Release|Any CPU = Release|Any CPU
		Release|x64 = Release|x64
		Release|x86 = Release|x86
	EndGlobalSection
	GlobalSection(SolutionProperties) = preSolution
		HideSolutionNode = FALSE
	EndGlobalSection
	GlobalSection(ProjectConfigurationPlatforms) = postSolution
		{8567648E-2068-44FE-88E7-2CA28D2E338E}.Debug|Any CPU.ActiveCfg = Debug|Any CPU
		{8567648E-2068-44FE-88E7-2CA28D2E338E}.Debug|Any CPU.Build.0 = Debug|Any CPU
		{8567648E-2068-44FE-88E7-2CA28D2E338E}.Debug|x64.ActiveCfg = Debug|Any CPU
		{8567648E-2068-44FE-88E7-2CA28D2E338E}.Debug|x64.Build.0 = Debug|Any CPU
		{8567648E-2068-44FE-88E7-2CA28D2E338E}.Debug|x86.ActiveCfg = Debug|Any CPU
		{8567648E-2068-44FE-88E7-2CA28D2E338E}.Debug|x86.Build.0 = Debug|Any CPU
		{8567648E-2068-44FE-88E7-2CA28D2E338E}.Release|Any CPU.ActiveCfg = Release|Any CPU
		{8567648E-2068-44FE-88E7-2CA28D2E338E}.Release|Any CPU.Build.0 = Release|Any CPU
		{8567648E-2068-44FE-88E7-2CA28D2E338E}.Release|x64.ActiveCfg = Release|Any CPU
		{8567648E-2068-44FE-88E7-2CA28D2E338E}.Release|x64.Build.0 = Release|Any CPU
		{8567648E-2068-44FE-88E7-2CA28D2E338E}.Release|x86.ActiveCfg = Release|Any CPU
		{8567648E-2068-44FE-88E7-2CA28D2E338E}.Release|x86.Build.0 = Release|Any CPU
		{69D65864-13E6-4572-94AD-C5AF589933D1}.Debug|Any CPU.ActiveCfg = Debug|Any CPU
		{69D65864-13E6-4572-94AD-C5AF589933D1}.Debug|Any CPU.Build.0 = Debug|Any CPU
		{69D65864-13E6-4572-94AD-C5AF589933D1}.Debug|x64.ActiveCfg = Debug|Any CPU
		{69D65864-13E6-4572-94AD-C5AF589933D1}.Debug|x64.Build.0 = Debug|Any CPU
		{69D65864-13E6-4572-94AD-C5AF589933D1}.Debug|x86.ActiveCfg = Debug|Any CPU
		{69D65864-13E6-4572-94AD-C5AF589933D1}.Debug|x86.Build.0 = Debug|Any CPU
		{69D65864-13E6-4572-94AD-C5AF589933D1}.Release|Any CPU.ActiveCfg = Release|Any CPU
		{69D65864-13E6-4572-94AD-C5AF589933D1}.Release|Any CPU.Build.0 = Release|Any CPU
		{69D65864-13E6-4572-94AD-C5AF589933D1}.Release|x64.ActiveCfg = Release|Any CPU
		{69D65864-13E6-4572-94AD-C5AF589933D1}.Release|x64.Build.0 = Release|Any CPU
		{69D65864-13E6-4572-94AD-C5AF589933D1}.Release|x86.ActiveCfg = Release|Any CPU
		{69D65864-13E6-4572-94AD-C5AF589933D1}.Release|x86.Build.0 = Release|Any CPU
		{AC8BCCA0-9166-47C7-88EB-3849647F090E}.Debug|Any CPU.ActiveCfg = Debug|Any CPU
		{AC8BCCA0-9166-47C7-88EB-3849647F090E}.Debug|Any CPU.Build.0 = Debug|Any CPU
		{AC8BCCA0-9166-47C7-88EB-3849647F090E}.Debug|x64.ActiveCfg = Debug|Any CPU
		{AC8BCCA0-9166-47C7-88EB-3849647F090E}.Debug|x64.Build.0 = Debug|Any CPU
		{AC8BCCA0-9166-47C7-88EB-3849647F090E}.Debug|x86.ActiveCfg = Debug|Any CPU
		{AC8BCCA0-9166-47C7-88EB-3849647F090E}.Debug|x86.Build.0 = Debug|Any CPU
		{AC8BCCA0-9166-47C7-88EB-3849647F090E}.Release|Any CPU.ActiveCfg = Release|Any CPU
		{AC8BCCA0-9166-47C7-88EB-3849647F090E}.Release|Any CPU.Build.0 = Release|Any CPU
		{AC8BCCA0-9166-47C7-88EB-3849647F090E}.Release|x64.ActiveCfg = Release|Any CPU
		{AC8BCCA0-9166-47C7-88EB-3849647F090E}.Release|x64.Build.0 = Release|Any CPU
		{AC8BCCA0-9166-47C7-88EB-3849647F090E}.Release|x86.ActiveCfg = Release|Any CPU
		{AC8BCCA0-9166-47C7-88EB-3849647F090E}.Release|x86.Build.0 = Release|Any CPU
	EndGlobalSection
EndGlobal
